
Microsoft Visual Studio Solution File, Format Version 12.00
# Visual Studio 15
VisualStudioVersion = 15.0.28010.2026
MinimumVisualStudioVersion = 10.0.40219.1
Project("{FAE04EC0-301F-11D3-BF4B-00C04F79EFBC}") = "Deliverable1", "Deliverable1\Deliverable1.csproj", "{9203754D-C505-4F4E-8389-C6D9FC8EF7E9}"
EndProject
Global
	GlobalSection(SolutionConfigurationPlatforms) = preSolution
		Debug|Any CPU = Debug|Any CPU
		Release|Any CPU = Release|Any CPU
	EndGlobalSection
	GlobalSection(ProjectConfigurationPlatforms) = postSolution
		{9203754D-C505-4F4E-8389-C6D9FC8EF7E9}.Debug|Any CPU.ActiveCfg = Debug|Any CPU
		{9203754D-C505-4F4E-8389-C6D9FC8EF7E9}.Debug|Any CPU.Build.0 = Debug|Any CPU
		{9203754D-C505-4F4E-8389-C6D9FC8EF7E9}.Release|Any CPU.ActiveCfg = Release|Any CPU
		{9203754D-C505-4F4E-8389-C6D9FC8EF7E9}.Release|Any CPU.Build.0 = Release|Any CPU
	EndGlobalSection
	GlobalSection(SolutionProperties) = preSolution
		HideSolutionNode = FALSE
	EndGlobalSection
	GlobalSection(ExtensibilityGlobals) = postSolution
		SolutionGuid = {F5761700-7DDD-420E-B2F8-8B30BD213044}
	EndGlobalSection
EndGlobal
